
Microsoft Visual Studio Solution File, Format Version 12.00
# Visual Studio 14
VisualStudioVersion = 14.0.25123.0
MinimumVisualStudioVersion = 10.0.40219.1
Project("{FAE04EC0-301F-11D3-BF4B-00C04F79EFBC}") = "Sand.Fhem.Prism.BasicModule", "FhemModule\Sand.Fhem.Prism.BasicModule.csproj", "{D0CAB8C4-018B-4660-87C9-8E7F7ACAED24}"
EndProject
Project("{FAE04EC0-301F-11D3-BF4B-00C04F79EFBC}") = "Sand.Fhem.Prism.FhemManager", "FhemManager\Sand.Fhem.Prism.FhemManager.csproj", "{8C729A4B-9EF0-4C27-8A1F-C13C57B8A516}"
EndProject
Global
	GlobalSection(SolutionConfigurationPlatforms) = preSolution
		Debug|Any CPU = Debug|Any CPU
		Release|Any CPU = Release|Any CPU
	EndGlobalSection
	GlobalSection(ProjectConfigurationPlatforms) = postSolution
		{D0CAB8C4-018B-4660-87C9-8E7F7ACAED24}.Debug|Any CPU.ActiveCfg = Debug|Any CPU
		{D0CAB8C4-018B-4660-87C9-8E7F7ACAED24}.Debug|Any CPU.Build.0 = Debug|Any CPU
		{D0CAB8C4-018B-4660-87C9-8E7F7ACAED24}.Release|Any CPU.ActiveCfg = Release|Any CPU
		{D0CAB8C4-018B-4660-87C9-8E7F7ACAED24}.Release|Any CPU.Build.0 = Release|Any CPU
		{8C729A4B-9EF0-4C27-8A1F-C13C57B8A516}.Debug|Any CPU.ActiveCfg = Debug|Any CPU
		{8C729A4B-9EF0-4C27-8A1F-C13C57B8A516}.Debug|Any CPU.Build.0 = Debug|Any CPU
		{8C729A4B-9EF0-4C27-8A1F-C13C57B8A516}.Release|Any CPU.ActiveCfg = Release|Any CPU
		{8C729A4B-9EF0-4C27-8A1F-C13C57B8A516}.Release|Any CPU.Build.0 = Release|Any CPU
	EndGlobalSection
	GlobalSection(SolutionProperties) = preSolution
		HideSolutionNode = FALSE
	EndGlobalSection
EndGlobal
